// !$*UTF8*$!
{
	archiveVersion = 1;
	classes = {
	};
	objectVersion = 46;
	objects = {

/* Begin PBXBuildFile section */
		07CE1B1D19F6EB5900172B39 /* CurrentWeather.swift in Sources */ = {isa = PBXBuildFile; fileRef = 07CE1B1C19F6EB5900172B39 /* CurrentWeather.swift */; };
		07D0535419F5744F004DA1D6 /* AppDelegate.swift in Sources */ = {isa = PBXBuildFile; fileRef = 07D0535319F5744F004DA1D6 /* AppDelegate.swift */; };
		07D0535619F5744F004DA1D6 /* ViewController.swift in Sources */ = {isa = PBXBuildFile; fileRef = 07D0535519F5744F004DA1D6 /* ViewController.swift */; };
		07D0535919F5744F004DA1D6 /* Main.storyboard in Resources */ = {isa = PBXBuildFile; fileRef = 07D0535719F5744F004DA1D6 /* Main.storyboard */; };
		07D0535B19F5744F004DA1D6 /* Images.xcassets in Resources */ = {isa = PBXBuildFile; fileRef = 07D0535A19F5744F004DA1D6 /* Images.xcassets */; };
		07D0535E19F5744F004DA1D6 /* LaunchScreen.xib in Resources */ = {isa = PBXBuildFile; fileRef = 07D0535C19F5744F004DA1D6 /* LaunchScreen.xib */; };
		07D0536A19F5744F004DA1D6 /* StormyTests.swift in Sources */ = {isa = PBXBuildFile; fileRef = 07D0536919F5744F004DA1D6 /* StormyTests.swift */; };
/* End PBXBuildFile section */

/* Begin PBXContainerItemProxy section */
		07D0536419F5744F004DA1D6 /* PBXContainerItemProxy */ = {
			isa = PBXContainerItemProxy;
			containerPortal = 07D0534619F5744F004DA1D6 /* Project object */;
			proxyType = 1;
			remoteGlobalIDString = 07D0534D19F5744F004DA1D6;
			remoteInfo = Stormy;
		};
/* End PBXContainerItemProxy section */

/* Begin PBXFileReference section */
		07CE1B1C19F6EB5900172B39 /* CurrentWeather.swift */ = {isa = PBXFileReference; fileEncoding = 4; lastKnownFileType = sourcecode.swift; path = CurrentWeather.swift; sourceTree = "<group>"; };
		07D0534E19F5744F004DA1D6 /* Stormy.app */ = {isa = PBXFileReference; explicitFileType = wrapper.application; includeInIndex = 0; path = Stormy.app; sourceTree = BUILT_PRODUCTS_DIR; };
		07D0535219F5744F004DA1D6 /* Info.plist */ = {isa = PBXFileReference; lastKnownFileType = text.plist.xml; path = Info.plist; sourceTree = "<group>"; };
		07D0535319F5744F004DA1D6 /* AppDelegate.swift */ = {isa = PBXFileReference; lastKnownFileType = sourcecode.swift; path = AppDelegate.swift; sourceTree = "<group>"; };
		07D0535519F5744F004DA1D6 /* ViewController.swift */ = {isa = PBXFileReference; lastKnownFileType = sourcecode.swift; path = ViewController.swift; sourceTree = "<group>"; };
		07D0535819F5744F004DA1D6 /* Base */ = {isa = PBXFileReference; lastKnownFileType = file.storyboard; name = Base; path = Base.lproj/Main.storyboard; sourceTree = "<group>"; };
		07D0535A19F5744F004DA1D6 /* Images.xcassets */ = {isa = PBXFileReference; lastKnownFileType = folder.assetcatalog; path = Images.xcassets; sourceTree = "<group>"; };
		07D0535D19F5744F004DA1D6 /* Base */ = {isa = PBXFileReference; lastKnownFileType = file.xib; name = Base; path = Base.lproj/LaunchScreen.xib; sourceTree = "<group>"; };
		07D0536319F5744F004DA1D6 /* StormyTests.xctest */ = {isa = PBXFileReference; explicitFileType = wrapper.cfbundle; includeInIndex = 0; path = StormyTests.xctest; sourceTree = BUILT_PRODUCTS_DIR; };
		07D0536819F5744F004DA1D6 /* Info.plist */ = {isa = PBXFileReference; lastKnownFileType = text.plist.xml; path = Info.plist; sourceTree = "<group>"; };
		07D0536919F5744F004DA1D6 /* StormyTests.swift */ = {isa = PBXFileReference; lastKnownFileType = sourcecode.swift; path = StormyTests.swift; sourceTree = "<group>"; };
/* End PBXFileReference section */

/* Begin PBXFrameworksBuildPhase section */
		07D0534B19F5744F004DA1D6 /* Frameworks */ = {
			isa = PBXFrameworksBuildPhase;
			buildActionMask = 2147483647;
			files = (
			);
			runOnlyForDeploymentPostprocessing = 0;
		};
		07D0536019F5744F004DA1D6 /* Frameworks */ = {
			isa = PBXFrameworksBuildPhase;
			buildActionMask = 2147483647;
			files = (
			);
			runOnlyForDeploymentPostprocessing = 0;
		};
/* End PBXFrameworksBuildPhase section */

/* Begin PBXGroup section */
		07D0534519F5744F004DA1D6 = {
			isa = PBXGroup;
			children = (
				07D0535019F5744F004DA1D6 /* Stormy */,
				07D0536619F5744F004DA1D6 /* StormyTests */,
				07D0534F19F5744F004DA1D6 /* Products */,
			);
			sourceTree = "<group>";
		};
		07D0534F19F5744F004DA1D6 /* Products */ = {
			isa = PBXGroup;
			children = (
				07D0534E19F5744F004DA1D6 /* Stormy.app */,
				07D0536319F5744F004DA1D6 /* StormyTests.xctest */,
			);
			name = Products;
			sourceTree = "<group>";
		};
		07D0535019F5744F004DA1D6 /* Stormy */ = {
			isa = PBXGroup;
			children = (
				07D0535319F5744F004DA1D6 /* AppDelegate.swift */,
				07D0535519F5744F004DA1D6 /* ViewController.swift */,
				07CE1B1C19F6EB5900172B39 /* CurrentWeather.swift */,
				07D0535719F5744F004DA1D6 /* Main.storyboard */,
				07D0535A19F5744F004DA1D6 /* Images.xcassets */,
				07D0535C19F5744F004DA1D6 /* LaunchScreen.xib */,
				07D0535119F5744F004DA1D6 /* Supporting Files */,
			);
			path = Stormy;
			sourceTree = "<group>";
		};
		07D0535119F5744F004DA1D6 /* Supporting Files */ = {
			isa = PBXGroup;
			children = (
				07D0535219F5744F004DA1D6 /* Info.plist */,
			);
			name = "Supporting Files";
			sourceTree = "<group>";
		};
		07D0536619F5744F004DA1D6 /* StormyTests */ = {
			isa = PBXGroup;
			children = (
				07D0536919F5744F004DA1D6 /* StormyTests.swift */,
				07D0536719F5744F004DA1D6 /* Supporting Files */,
			);
			path = StormyTests;
			sourceTree = "<group>";
		};
		07D0536719F5744F004DA1D6 /* Supporting Files */ = {
			isa = PBXGroup;
			children = (
				07D0536819F5744F004DA1D6 /* Info.plist */,
			);
			name = "Supporting Files";
			sourceTree = "<group>";
		};
/* End PBXGroup section */

/* Begin PBXNativeTarget section */
		07D0534D19F5744F004DA1D6 /* Stormy */ = {
			isa = PBXNativeTarget;
			buildConfigurationList = 07D0536D19F5744F004DA1D6 /* Build configuration list for PBXNativeTarget "Stormy" */;
			buildPhases = (
				07D0534A19F5744F004DA1D6 /* Sources */,
				07D0534B19F5744F004DA1D6 /* Frameworks */,
				07D0534C19F5744F004DA1D6 /* Resources */,
			);
			buildRules = (
			);
			dependencies = (
			);
			name = Stormy;
			productName = Stormy;
			productReference = 07D0534E19F5744F004DA1D6 /* Stormy.app */;
			productType = "com.apple.product-type.application";
		};
		07D0536219F5744F004DA1D6 /* StormyTests */ = {
			isa = PBXNativeTarget;
			buildConfigurationList = 07D0537019F5744F004DA1D6 /* Build configuration list for PBXNativeTarget "StormyTests" */;
			buildPhases = (
				07D0535F19F5744F004DA1D6 /* Sources */,
				07D0536019F5744F004DA1D6 /* Frameworks */,
				07D0536119F5744F004DA1D6 /* Resources */,
			);
			buildRules = (
			);
			dependencies = (
				07D0536519F5744F004DA1D6 /* PBXTargetDependency */,
			);
			name = StormyTests;
			productName = StormyTests;
			productReference = 07D0536319F5744F004DA1D6 /* StormyTests.xctest */;
			productType = "com.apple.product-type.bundle.unit-test";
		};
/* End PBXNativeTarget section */

/* Begin PBXProject section */
		07D0534619F5744F004DA1D6 /* Project object */ = {
			isa = PBXProject;
			attributes = {
				LastUpgradeCheck = 0600;
				ORGANIZATIONNAME = "Sebastian Röder";
				TargetAttributes = {
					07D0534D19F5744F004DA1D6 = {
						CreatedOnToolsVersion = 6.0.1;
					};
					07D0536219F5744F004DA1D6 = {
						CreatedOnToolsVersion = 6.0.1;
						TestTargetID = 07D0534D19F5744F004DA1D6;
					};
				};
			};
			buildConfigurationList = 07D0534919F5744F004DA1D6 /* Build configuration list for PBXProject "Stormy" */;
			compatibilityVersion = "Xcode 3.2";
			developmentRegion = English;
			hasScannedForEncodings = 0;
			knownRegions = (
				en,
				Base,
			);
			mainGroup = 07D0534519F5744F004DA1D6;
			productRefGroup = 07D0534F19F5744F004DA1D6 /* Products */;
			projectDirPath = "";
			projectRoot = "";
			targets = (
				07D0534D19F5744F004DA1D6 /* Stormy */,
				07D0536219F5744F004DA1D6 /* StormyTests */,
			);
		};
/* End PBXProject section */

/* Begin PBXResourcesBuildPhase section */
		07D0534C19F5744F004DA1D6 /* Resources */ = {
			isa = PBXResourcesBuildPhase;
			buildActionMask = 2147483647;
			files = (
				07D0535919F5744F004DA1D6 /* Main.storyboard in Resources */,
				07D0535E19F5744F004DA1D6 /* LaunchScreen.xib in Resources */,
				07D0535B19F5744F004DA1D6 /* Images.xcassets in Resources */,
			);
			runOnlyForDeploymentPostprocessing = 0;
		};
		07D0536119F5744F004DA1D6 /* Resources */ = {
			isa = PBXResourcesBuildPhase;
			buildActionMask = 2147483647;
			files = (
			);
			runOnlyForDeploymentPostprocessing = 0;
		};
/* End PBXResourcesBuildPhase section */

/* Begin PBXSourcesBuildPhase section */
		07D0534A19F5744F004DA1D6 /* Sources */ = {
			isa = PBXSourcesBuildPhase;
			buildActionMask = 2147483647;
			files = (
				07D0535619F5744F004DA1D6 /* ViewController.swift in Sources */,
				07CE1B1D19F6EB5900172B39 /* CurrentWeather.swift in Sources */,
				07D0535419F5744F004DA1D6 /* AppDelegate.swift in Sources */,
			);
			runOnlyForDeploymentPostprocessing = 0;
		};
		07D0535F19F5744F004DA1D6 /* Sources */ = {
			isa = PBXSourcesBuildPhase;
			buildActionMask = 2147483647;
			files = (
				07D0536A19F5744F004DA1D6 /* StormyTests.swift in Sources */,
			);
			runOnlyForDeploymentPostprocessing = 0;
		};
/* End PBXSourcesBuildPhase section */

/* Begin PBXTargetDependency section */
		07D0536519F5744F004DA1D6 /* PBXTargetDependency */ = {
			isa = PBXTargetDependency;
			target = 07D0534D19F5744F004DA1D6 /* Stormy */;
			targetProxy = 07D0536419F5744F004DA1D6 /* PBXContainerItemProxy */;
		};
/* End PBXTargetDependency section */

/* Begin PBXVariantGroup section */
		07D0535719F5744F004DA1D6 /* Main.storyboard */ = {
			isa = PBXVariantGroup;
			children = (
				07D0535819F5744F004DA1D6 /* Base */,
			);
			name = Main.storyboard;
			sourceTree = "<group>";
		};
		07D0535C19F5744F004DA1D6 /* LaunchScreen.xib */ = {
			isa = PBXVariantGroup;
			children = (
				07D0535D19F5744F004DA1D6 /* Base */,
			);
			name = LaunchScreen.xib;
			sourceTree = "<group>";
		};
/* End PBXVariantGroup section */

/* Begin XCBuildConfiguration section */
		07D0536B19F5744F004DA1D6 /* Debug */ = {
			isa = XCBuildConfiguration;
			buildSettings = {
				ALWAYS_SEARCH_USER_PATHS = NO;
				CLANG_CXX_LANGUAGE_STANDARD = "gnu++0x";
				CLANG_CXX_LIBRARY = "libc++";
				CLANG_ENABLE_MODULES = YES;
				CLANG_ENABLE_OBJC_ARC = YES;
				CLANG_WARN_BOOL_CONVERSION = YES;
				CLANG_WARN_CONSTANT_CONVERSION = YES;
				CLANG_WARN_DIRECT_OBJC_ISA_USAGE = YES_ERROR;
				CLANG_WARN_EMPTY_BODY = YES;
				CLANG_WARN_ENUM_CONVERSION = YES;
				CLANG_WARN_INT_CONVERSION = YES;
				CLANG_WARN_OBJC_ROOT_CLASS = YES_ERROR;
				CLANG_WARN_UNREACHABLE_CODE = YES;
				CLANG_WARN__DUPLICATE_METHOD_MATCH = YES;
				"CODE_SIGN_IDENTITY[sdk=iphoneos*]" = "iPhone Developer";
				COPY_PHASE_STRIP = NO;
				ENABLE_STRICT_OBJC_MSGSEND = YES;
				GCC_C_LANGUAGE_STANDARD = gnu99;
				GCC_DYNAMIC_NO_PIC = NO;
				GCC_OPTIMIZATION_LEVEL = 0;
				GCC_PREPROCESSOR_DEFINITIONS = (
					"DEBUG=1",
					"$(inherited)",
				);
				GCC_SYMBOLS_PRIVATE_EXTERN = NO;
				GCC_WARN_64_TO_32_BIT_CONVERSION = YES;
				GCC_WARN_ABOUT_RETURN_TYPE = YES_ERROR;
				GCC_WARN_UNDECLARED_SELECTOR = YES;
				GCC_WARN_UNINITIALIZED_AUTOS = YES_AGGRESSIVE;
				GCC_WARN_UNUSED_FUNCTION = YES;
				GCC_WARN_UNUSED_VARIABLE = YES;
				IPHONEOS_DEPLOYMENT_TARGET = 8.0;
				MTL_ENABLE_DEBUG_INFO = YES;
				ONLY_ACTIVE_ARCH = YES;
				SDKROOT = iphoneos;
				SWIFT_OPTIMIZATION_LEVEL = "-Onone";
			};
			name = Debug;
		};
		07D0536C19F5744F004DA1D6 /* Release */ = {
			isa = XCBuildConfiguration;
			buildSettings = {
				ALWAYS_SEARCH_USER_PATHS = NO;
				CLANG_CXX_LANGUAGE_STANDARD = "gnu++0x";
				CLANG_CXX_LIBRARY = "libc++";
				CLANG_ENABLE_MODULES = YES;
				CLANG_ENABLE_OBJC_ARC = YES;
				CLANG_WARN_BOOL_CONVERSION = YES;
				CLANG_WARN_CONSTANT_CONVERSION = YES;
				CLANG_WARN_DIRECT_OBJC_ISA_USAGE = YES_ERROR;
				CLANG_WARN_EMPTY_BODY = YES;
				CLANG_WARN_ENUM_CONVERSION = YES;
				CLANG_WARN_INT_CONVERSION = YES;
				CLANG_WARN_OBJC_ROOT_CLASS = YES_ERROR;
				CLANG_WARN_UNREACHABLE_CODE = YES;
				CLANG_WARN__DUPLICATE_METHOD_MATCH = YES;
				"CODE_SIGN_IDENTITY[sdk=iphoneos*]" = "iPhone Developer";
				COPY_PHASE_STRIP = YES;
				ENABLE_NS_ASSERTIONS = NO;
				ENABLE_STRICT_OBJC_MSGSEND = YES;
				GCC_C_LANGUAGE_STANDARD = gnu99;
				GCC_WARN_64_TO_32_BIT_CONVERSION = YES;
				GCC_WARN_ABOUT_RETURN_TYPE = YES_ERROR;
				GCC_WARN_UNDECLARED_SELECTOR = YES;
				GCC_WARN_UNINITIALIZED_AUTOS = YES_AGGRESSIVE;
				GCC_WARN_UNUSED_FUNCTION = YES;
				GCC_WARN_UNUSED_VARIABLE = YES;
				IPHONEOS_DEPLOYMENT_TARGET = 8.0;
				MTL_ENABLE_DEBUG_INFO = NO;
				SDKROOT = iphoneos;
				VALIDATE_PRODUCT = YES;
			};
			name = Release;
		};
		07D0536E19F5744F004DA1D6 /* Debug */ = {
			isa = XCBuildConfiguration;
			buildSettings = {
				ASSETCATALOG_COMPILER_APPICON_NAME = AppIcon;
				INFOPLIST_FILE = Stormy/Info.plist;
				LD_RUNPATH_SEARCH_PATHS = "$(inherited) @executable_path/Frameworks";
				PRODUCT_NAME = "$(TARGET_NAME)";
			};
			name = Debug;
		};
		07D0536F19F5744F004DA1D6 /* Release */ = {
			isa = XCBuildConfiguration;
			buildSettings = {
				ASSETCATALOG_COMPILER_APPICON_NAME = AppIcon;
				INFOPLIST_FILE = Stormy/Info.plist;
				LD_RUNPATH_SEARCH_PATHS = "$(inherited) @executable_path/Frameworks";
				PRODUCT_NAME = "$(TARGET_NAME)";
			};
			name = Release;
		};
		07D0537119F5744F004DA1D6 /* Debug */ = {
			isa = XCBuildConfiguration;
			buildSettings = {
				BUNDLE_LOADER = "$(TEST_HOST)";
				FRAMEWORK_SEARCH_PATHS = (
					"$(SDKROOT)/Developer/Library/Frameworks",
					"$(inherited)",
				);
				GCC_PREPROCESSOR_DEFINITIONS = (
					"DEBUG=1",
					"$(inherited)",
				);
				INFOPLIST_FILE = StormyTests/Info.plist;
				LD_RUNPATH_SEARCH_PATHS = "$(inherited) @executable_path/Frameworks @loader_path/Frameworks";
				PRODUCT_NAME = "$(TARGET_NAME)";
				TEST_HOST = "$(BUILT_PRODUCTS_DIR)/Stormy.app/Stormy";
			};
			name = Debug;
		};
		07D0537219F5744F004DA1D6 /* Release */ = {
			isa = XCBuildConfiguration;
			buildSettings = {
				BUNDLE_LOADER = "$(TEST_HOST)";
				FRAMEWORK_SEARCH_PATHS = (
					"$(SDKROOT)/Developer/Library/Frameworks",
					"$(inherited)",
				);
				INFOPLIST_FILE = StormyTests/Info.plist;
				LD_RUNPATH_SEARCH_PATHS = "$(inherited) @executable_path/Frameworks @loader_path/Frameworks";
				PRODUCT_NAME = "$(TARGET_NAME)";
				TEST_HOST = "$(BUILT_PRODUCTS_DIR)/Stormy.app/Stormy";
			};
			name = Release;
		};
/* End XCBuildConfiguration section */

/* Begin XCConfigurationList section */
		07D0534919F5744F004DA1D6 /* Build configuration list for PBXProject "Stormy" */ = {
			isa = XCConfigurationList;
			buildConfigurations = (
				07D0536B19F5744F004DA1D6 /* Debug */,
				07D0536C19F5744F004DA1D6 /* Release */,
			);
			defaultConfigurationIsVisible = 0;
			defaultConfigurationName = Release;
		};
		07D0536D19F5744F004DA1D6 /* Build configuration list for PBXNativeTarget "Stormy" */ = {
			isa = XCConfigurationList;
			buildConfigurations = (
				07D0536E19F5744F004DA1D6 /* Debug */,
				07D0536F19F5744F004DA1D6 /* Release */,
			);
			defaultConfigurationIsVisible = 0;
			defaultConfigurationName = Release;
		};
		07D0537019F5744F004DA1D6 /* Build configuration list for PBXNativeTarget "StormyTests" */ = {
			isa = XCConfigurationList;
			buildConfigurations = (
				07D0537119F5744F004DA1D6 /* Debug */,
				07D0537219F5744F004DA1D6 /* Release */,
			);
			defaultConfigurationIsVisible = 0;
			defaultConfigurationName = Release;
		};
/* End XCConfigurationList section */
	};
	rootObject = 07D0534619F5744F004DA1D6 /* Project object */;
}
